// !$*UTF8*$!
{
	archiveVersion = 1;
	classes = {
	};
	objectVersion = 56;
	objects = {

/* Begin PBXBuildFile section */
		AF2A176B2A4AFD3500AD5D34 /* CalculaterApp.swift in Sources */ = {isa = PBXBuildFile; fileRef = AF2A176A2A4AFD3500AD5D34 /* CalculaterApp.swift */; };
		AF2A176D2A4AFD3500AD5D34 /* ContentView.swift in Sources */ = {isa = PBXBuildFile; fileRef = AF2A176C2A4AFD3500AD5D34 /* ContentView.swift */; };
		AF2A176F2A4AFD3600AD5D34 /* Assets.xcassets in Resources */ = {isa = PBXBuildFile; fileRef = AF2A176E2A4AFD3600AD5D34 /* Assets.xcassets */; };
		AF2A17722A4AFD3600AD5D34 /* Preview Assets.xcassets in Resources */ = {isa = PBXBuildFile; fileRef = AF2A17712A4AFD3600AD5D34 /* Preview Assets.xcassets */; };
		AF2A177C2A4AFD3700AD5D34 /* CalculaterTests.swift in Sources */ = {isa = PBXBuildFile; fileRef = AF2A177B2A4AFD3700AD5D34 /* CalculaterTests.swift */; };
		AF2A17862A4AFD3700AD5D34 /* CalculaterUITests.swift in Sources */ = {isa = PBXBuildFile; fileRef = AF2A17852A4AFD3700AD5D34 /* CalculaterUITests.swift */; };
		AF2A17882A4AFD3700AD5D34 /* CalculaterUITestsLaunchTests.swift in Sources */ = {isa = PBXBuildFile; fileRef = AF2A17872A4AFD3700AD5D34 /* CalculaterUITestsLaunchTests.swift */; };
		AF2A17952A4B03AC00AD5D34 /* NumberButtonView.swift in Sources */ = {isa = PBXBuildFile; fileRef = AF2A17942A4B03AC00AD5D34 /* NumberButtonView.swift */; };
		AF2A17972A4B6D6100AD5D34 /* ButtonView.swift in Sources */ = {isa = PBXBuildFile; fileRef = AF2A17962A4B6D6100AD5D34 /* ButtonView.swift */; };
		AF9637862A56CE240013134A /* Eval in Frameworks */ = {isa = PBXBuildFile; productRef = AF9637852A56CE240013134A /* Eval */; };
/* End PBXBuildFile section */

/* Begin PBXContainerItemProxy section */
		AF2A17782A4AFD3700AD5D34 /* PBXContainerItemProxy */ = {
			isa = PBXContainerItemProxy;
			containerPortal = AF2A175F2A4AFD3500AD5D34 /* Project object */;
			proxyType = 1;
			remoteGlobalIDString = AF2A17662A4AFD3500AD5D34;
			remoteInfo = Calculater;
		};
		AF2A17822A4AFD3700AD5D34 /* PBXContainerItemProxy */ = {
			isa = PBXContainerItemProxy;
			containerPortal = AF2A175F2A4AFD3500AD5D34 /* Project object */;
			proxyType = 1;
			remoteGlobalIDString = AF2A17662A4AFD3500AD5D34;
			remoteInfo = Calculater;
		};
/* End PBXContainerItemProxy section */

/* Begin PBXFileReference section */
		AF2A17672A4AFD3500AD5D34 /* Calculater.app */ = {isa = PBXFileReference; explicitFileType = wrapper.application; includeInIndex = 0; path = Calculater.app; sourceTree = BUILT_PRODUCTS_DIR; };
		AF2A176A2A4AFD3500AD5D34 /* CalculaterApp.swift */ = {isa = PBXFileReference; lastKnownFileType = sourcecode.swift; path = CalculaterApp.swift; sourceTree = "<group>"; };
		AF2A176C2A4AFD3500AD5D34 /* ContentView.swift */ = {isa = PBXFileReference; lastKnownFileType = sourcecode.swift; path = ContentView.swift; sourceTree = "<group>"; };
		AF2A176E2A4AFD3600AD5D34 /* Assets.xcassets */ = {isa = PBXFileReference; lastKnownFileType = folder.assetcatalog; path = Assets.xcassets; sourceTree = "<group>"; };
		AF2A17712A4AFD3600AD5D34 /* Preview Assets.xcassets */ = {isa = PBXFileReference; lastKnownFileType = folder.assetcatalog; path = "Preview Assets.xcassets"; sourceTree = "<group>"; };
		AF2A17772A4AFD3700AD5D34 /* CalculaterTests.xctest */ = {isa = PBXFileReference; explicitFileType = wrapper.cfbundle; includeInIndex = 0; path = CalculaterTests.xctest; sourceTree = BUILT_PRODUCTS_DIR; };
		AF2A177B2A4AFD3700AD5D34 /* CalculaterTests.swift */ = {isa = PBXFileReference; lastKnownFileType = sourcecode.swift; path = CalculaterTests.swift; sourceTree = "<group>"; };
		AF2A17812A4AFD3700AD5D34 /* CalculaterUITests.xctest */ = {isa = PBXFileReference; explicitFileType = wrapper.cfbundle; includeInIndex = 0; path = CalculaterUITests.xctest; sourceTree = BUILT_PRODUCTS_DIR; };
		AF2A17852A4AFD3700AD5D34 /* CalculaterUITests.swift */ = {isa = PBXFileReference; lastKnownFileType = sourcecode.swift; path = CalculaterUITests.swift; sourceTree = "<group>"; };
		AF2A17872A4AFD3700AD5D34 /* CalculaterUITestsLaunchTests.swift */ = {isa = PBXFileReference; lastKnownFileType = sourcecode.swift; path = CalculaterUITestsLaunchTests.swift; sourceTree = "<group>"; };
		AF2A17942A4B03AC00AD5D34 /* NumberButtonView.swift */ = {isa = PBXFileReference; lastKnownFileType = sourcecode.swift; path = NumberButtonView.swift; sourceTree = "<group>"; };
		AF2A17962A4B6D6100AD5D34 /* ButtonView.swift */ = {isa = PBXFileReference; lastKnownFileType = sourcecode.swift; path = ButtonView.swift; sourceTree = "<group>"; };
/* End PBXFileReference section */

/* Begin PBXFrameworksBuildPhase section */
		AF2A17642A4AFD3500AD5D34 /* Frameworks */ = {
			isa = PBXFrameworksBuildPhase;
			buildActionMask = 2147483647;
			files = (
				AF9637862A56CE240013134A /* Eval in Frameworks */,
			);
			runOnlyForDeploymentPostprocessing = 0;
		};
		AF2A17742A4AFD3700AD5D34 /* Frameworks */ = {
			isa = PBXFrameworksBuildPhase;
			buildActionMask = 2147483647;
			files = (
			);
			runOnlyForDeploymentPostprocessing = 0;
		};
		AF2A177E2A4AFD3700AD5D34 /* Frameworks */ = {
			isa = PBXFrameworksBuildPhase;
			buildActionMask = 2147483647;
			files = (
			);
			runOnlyForDeploymentPostprocessing = 0;
		};
/* End PBXFrameworksBuildPhase section */

/* Begin PBXGroup section */
		AF2A175E2A4AFD3500AD5D34 = {
			isa = PBXGroup;
			children = (
				AF2A17692A4AFD3500AD5D34 /* Calculater */,
				AF2A177A2A4AFD3700AD5D34 /* CalculaterTests */,
				AF2A17842A4AFD3700AD5D34 /* CalculaterUITests */,
				AF2A17682A4AFD3500AD5D34 /* Products */,
			);
			sourceTree = "<group>";
		};
		AF2A17682A4AFD3500AD5D34 /* Products */ = {
			isa = PBXGroup;
			children = (
				AF2A17672A4AFD3500AD5D34 /* Calculater.app */,
				AF2A17772A4AFD3700AD5D34 /* CalculaterTests.xctest */,
				AF2A17812A4AFD3700AD5D34 /* CalculaterUITests.xctest */,
			);
			name = Products;
			sourceTree = "<group>";
		};
		AF2A17692A4AFD3500AD5D34 /* Calculater */ = {
			isa = PBXGroup;
			children = (
				AF2A176A2A4AFD3500AD5D34 /* CalculaterApp.swift */,
				AF2A176C2A4AFD3500AD5D34 /* ContentView.swift */,
				AF2A17962A4B6D6100AD5D34 /* ButtonView.swift */,
				AF2A176E2A4AFD3600AD5D34 /* Assets.xcassets */,
				AF2A17942A4B03AC00AD5D34 /* NumberButtonView.swift */,
				AF2A17702A4AFD3600AD5D34 /* Preview Content */,
			);
			path = Calculater;
			sourceTree = "<group>";
		};
		AF2A17702A4AFD3600AD5D34 /* Preview Content */ = {
			isa = PBXGroup;
			children = (
				AF2A17712A4AFD3600AD5D34 /* Preview Assets.xcassets */,
			);
			path = "Preview Content";
			sourceTree = "<group>";
		};
		AF2A177A2A4AFD3700AD5D34 /* CalculaterTests */ = {
			isa = PBXGroup;
			children = (
				AF2A177B2A4AFD3700AD5D34 /* CalculaterTests.swift */,
			);
			path = CalculaterTests;
			sourceTree = "<group>";
		};
		AF2A17842A4AFD3700AD5D34 /* CalculaterUITests */ = {
			isa = PBXGroup;
			children = (
				AF2A17852A4AFD3700AD5D34 /* CalculaterUITests.swift */,
				AF2A17872A4AFD3700AD5D34 /* CalculaterUITestsLaunchTests.swift */,
			);
			path = CalculaterUITests;
			sourceTree = "<group>";
		};
/* End PBXGroup section */

/* Begin PBXNativeTarget section */
		AF2A17662A4AFD3500AD5D34 /* Calculater */ = {
			isa = PBXNativeTarget;
			buildConfigurationList = AF2A178B2A4AFD3700AD5D34 /* Build configuration list for PBXNativeTarget "Calculater" */;
			buildPhases = (
				AF2A17632A4AFD3500AD5D34 /* Sources */,
				AF2A17642A4AFD3500AD5D34 /* Frameworks */,
				AF2A17652A4AFD3500AD5D34 /* Resources */,
			);
			buildRules = (
			);
			dependencies = (
			);
			name = Calculater;
			packageProductDependencies = (
				AF9637852A56CE240013134A /* Eval */,
			);
			productName = Calculater;
			productReference = AF2A17672A4AFD3500AD5D34 /* Calculater.app */;
			productType = "com.apple.product-type.application";
		};
		AF2A17762A4AFD3700AD5D34 /* CalculaterTests */ = {
			isa = PBXNativeTarget;
			buildConfigurationList = AF2A178E2A4AFD3700AD5D34 /* Build configuration list for PBXNativeTarget "CalculaterTests" */;
			buildPhases = (
				AF2A17732A4AFD3700AD5D34 /* Sources */,
				AF2A17742A4AFD3700AD5D34 /* Frameworks */,
				AF2A17752A4AFD3700AD5D34 /* Resources */,
			);
			buildRules = (
			);
			dependencies = (
				AF2A17792A4AFD3700AD5D34 /* PBXTargetDependency */,
			);
			name = CalculaterTests;
			productName = CalculaterTests;
			productReference = AF2A17772A4AFD3700AD5D34 /* CalculaterTests.xctest */;
			productType = "com.apple.product-type.bundle.unit-test";
		};
		AF2A17802A4AFD3700AD5D34 /* CalculaterUITests */ = {
			isa = PBXNativeTarget;
			buildConfigurationList = AF2A17912A4AFD3700AD5D34 /* Build configuration list for PBXNativeTarget "CalculaterUITests" */;
			buildPhases = (
				AF2A177D2A4AFD3700AD5D34 /* Sources */,
				AF2A177E2A4AFD3700AD5D34 /* Frameworks */,
				AF2A177F2A4AFD3700AD5D34 /* Resources */,
			);
			buildRules = (
			);
			dependencies = (
				AF2A17832A4AFD3700AD5D34 /* PBXTargetDependency */,
			);
			name = CalculaterUITests;
			productName = CalculaterUITests;
			productReference = AF2A17812A4AFD3700AD5D34 /* CalculaterUITests.xctest */;
			productType = "com.apple.product-type.bundle.ui-testing";
		};
/* End PBXNativeTarget section */

/* Begin PBXProject section */
		AF2A175F2A4AFD3500AD5D34 /* Project object */ = {
			isa = PBXProject;
			attributes = {
				BuildIndependentTargetsInParallel = 1;
				LastSwiftUpdateCheck = 1430;
				LastUpgradeCheck = 1430;
				TargetAttributes = {
					AF2A17662A4AFD3500AD5D34 = {
						CreatedOnToolsVersion = 14.3;
					};
					AF2A17762A4AFD3700AD5D34 = {
						CreatedOnToolsVersion = 14.3;
						TestTargetID = AF2A17662A4AFD3500AD5D34;
					};
					AF2A17802A4AFD3700AD5D34 = {
						CreatedOnToolsVersion = 14.3;
						TestTargetID = AF2A17662A4AFD3500AD5D34;
					};
				};
			};
			buildConfigurationList = AF2A17622A4AFD3500AD5D34 /* Build configuration list for PBXProject "Calculater" */;
			compatibilityVersion = "Xcode 14.0";
			developmentRegion = en;
			hasScannedForEncodings = 0;
			knownRegions = (
				en,
				Base,
			);
			mainGroup = AF2A175E2A4AFD3500AD5D34;
			packageReferences = (
				AF9637842A56CE240013134A /* XCRemoteSwiftPackageReference "SwiftEval" */,
			);
			productRefGroup = AF2A17682A4AFD3500AD5D34 /* Products */;
			projectDirPath = "";
			projectRoot = "";
			targets = (
				AF2A17662A4AFD3500AD5D34 /* Calculater */,
				AF2A17762A4AFD3700AD5D34 /* CalculaterTests */,
				AF2A17802A4AFD3700AD5D34 /* CalculaterUITests */,
			);
		};
/* End PBXProject section */

/* Begin PBXResourcesBuildPhase section */
		AF2A17652A4AFD3500AD5D34 /* Resources */ = {
			isa = PBXResourcesBuildPhase;
			buildActionMask = 2147483647;
			files = (
				AF2A17722A4AFD3600AD5D34 /* Preview Assets.xcassets in Resources */,
				AF2A176F2A4AFD3600AD5D34 /* Assets.xcassets in Resources */,
			);
			runOnlyForDeploymentPostprocessing = 0;
		};
		AF2A17752A4AFD3700AD5D34 /* Resources */ = {
			isa = PBXResourcesBuildPhase;
			buildActionMask = 2147483647;
			files = (
			);
			runOnlyForDeploymentPostprocessing = 0;
		};
		AF2A177F2A4AFD3700AD5D34 /* Resources */ = {
			isa = PBXResourcesBuildPhase;
			buildActionMask = 2147483647;
			files = (
			);
			runOnlyForDeploymentPostprocessing = 0;
		};
/* End PBXResourcesBuildPhase section */

/* Begin PBXSourcesBuildPhase section */
		AF2A17632A4AFD3500AD5D34 /* Sources */ = {
			isa = PBXSourcesBuildPhase;
			buildActionMask = 2147483647;
			files = (
				AF2A176D2A4AFD3500AD5D34 /* ContentView.swift in Sources */,
				AF2A176B2A4AFD3500AD5D34 /* CalculaterApp.swift in Sources */,
				AF2A17972A4B6D6100AD5D34 /* ButtonView.swift in Sources */,
				AF2A17952A4B03AC00AD5D34 /* NumberButtonView.swift in Sources */,
			);
			runOnlyForDeploymentPostprocessing = 0;
		};
		AF2A17732A4AFD3700AD5D34 /* Sources */ = {
			isa = PBXSourcesBuildPhase;
			buildActionMask = 2147483647;
			files = (
				AF2A177C2A4AFD3700AD5D34 /* CalculaterTests.swift in Sources */,
			);
			runOnlyForDeploymentPostprocessing = 0;
		};
		AF2A177D2A4AFD3700AD5D34 /* Sources */ = {
			isa = PBXSourcesBuildPhase;
			buildActionMask = 2147483647;
			files = (
				AF2A17882A4AFD3700AD5D34 /* CalculaterUITestsLaunchTests.swift in Sources */,
				AF2A17862A4AFD3700AD5D34 /* CalculaterUITests.swift in Sources */,
			);
			runOnlyForDeploymentPostprocessing = 0;
		};
/* End PBXSourcesBuildPhase section */

/* Begin PBXTargetDependency section */
		AF2A17792A4AFD3700AD5D34 /* PBXTargetDependency */ = {
			isa = PBXTargetDependency;
			target = AF2A17662A4AFD3500AD5D34 /* Calculater */;
			targetProxy = AF2A17782A4AFD3700AD5D34 /* PBXContainerItemProxy */;
		};
		AF2A17832A4AFD3700AD5D34 /* PBXTargetDependency */ = {
			isa = PBXTargetDependency;
			target = AF2A17662A4AFD3500AD5D34 /* Calculater */;
			targetProxy = AF2A17822A4AFD3700AD5D34 /* PBXContainerItemProxy */;
		};
/* End PBXTargetDependency section */

/* Begin XCBuildConfiguration section */
		AF2A17892A4AFD3700AD5D34 /* Debug */ = {
			isa = XCBuildConfiguration;
			buildSettings = {
				ALWAYS_SEARCH_USER_PATHS = NO;
				CLANG_ANALYZER_NONNULL = YES;
				CLANG_ANALYZER_NUMBER_OBJECT_CONVERSION = YES_AGGRESSIVE;
				CLANG_CXX_LANGUAGE_STANDARD = "gnu++20";
				CLANG_ENABLE_MODULES = YES;
				CLANG_ENABLE_OBJC_ARC = YES;
				CLANG_ENABLE_OBJC_WEAK = YES;
				CLANG_WARN_BLOCK_CAPTURE_AUTORELEASING = YES;
				CLANG_WARN_BOOL_CONVERSION = YES;
				CLANG_WARN_COMMA = YES;
				CLANG_WARN_CONSTANT_CONVERSION = YES;
				CLANG_WARN_DEPRECATED_OBJC_IMPLEMENTATIONS = YES;
				CLANG_WARN_DIRECT_OBJC_ISA_USAGE = YES_ERROR;
				CLANG_WARN_DOCUMENTATION_COMMENTS = YES;
				CLANG_WARN_EMPTY_BODY = YES;
				CLANG_WARN_ENUM_CONVERSION = YES;
				CLANG_WARN_INFINITE_RECURSION = YES;
				CLANG_WARN_INT_CONVERSION = YES;
				CLANG_WARN_NON_LITERAL_NULL_CONVERSION = YES;
				CLANG_WARN_OBJC_IMPLICIT_RETAIN_SELF = YES;
				CLANG_WARN_OBJC_LITERAL_CONVERSION = YES;
				CLANG_WARN_OBJC_ROOT_CLASS = YES_ERROR;
				CLANG_WARN_QUOTED_INCLUDE_IN_FRAMEWORK_HEADER = YES;
				CLANG_WARN_RANGE_LOOP_ANALYSIS = YES;
				CLANG_WARN_STRICT_PROTOTYPES = YES;
				CLANG_WARN_SUSPICIOUS_MOVE = YES;
				CLANG_WARN_UNGUARDED_AVAILABILITY = YES_AGGRESSIVE;
				CLANG_WARN_UNREACHABLE_CODE = YES;
				CLANG_WARN__DUPLICATE_METHOD_MATCH = YES;
				COPY_PHASE_STRIP = NO;
				DEBUG_INFORMATION_FORMAT = dwarf;
				ENABLE_STRICT_OBJC_MSGSEND = YES;
				ENABLE_TESTABILITY = YES;
				GCC_C_LANGUAGE_STANDARD = gnu11;
				GCC_DYNAMIC_NO_PIC = NO;
				GCC_NO_COMMON_BLOCKS = YES;
				GCC_OPTIMIZATION_LEVEL = 0;
				GCC_PREPROCESSOR_DEFINITIONS = (
					"DEBUG=1",
					"$(inherited)",
				);
				GCC_WARN_64_TO_32_BIT_CONVERSION = YES;
				GCC_WARN_ABOUT_RETURN_TYPE = YES_ERROR;
				GCC_WARN_UNDECLARED_SELECTOR = YES;
				GCC_WARN_UNINITIALIZED_AUTOS = YES_AGGRESSIVE;
				GCC_WARN_UNUSED_FUNCTION = YES;
				GCC_WARN_UNUSED_VARIABLE = YES;
				IPHONEOS_DEPLOYMENT_TARGET = 16.4;
				MTL_ENABLE_DEBUG_INFO = INCLUDE_SOURCE;
				MTL_FAST_MATH = YES;
				ONLY_ACTIVE_ARCH = YES;
				SDKROOT = iphoneos;
				SWIFT_ACTIVE_COMPILATION_CONDITIONS = DEBUG;
				SWIFT_OPTIMIZATION_LEVEL = "-Onone";
			};
			name = Debug;
		};
		AF2A178A2A4AFD3700AD5D34 /* Release */ = {
			isa = XCBuildConfiguration;
			buildSettings = {
				ALWAYS_SEARCH_USER_PATHS = NO;
				CLANG_ANALYZER_NONNULL = YES;
				CLANG_ANALYZER_NUMBER_OBJECT_CONVERSION = YES_AGGRESSIVE;
				CLANG_CXX_LANGUAGE_STANDARD = "gnu++20";
				CLANG_ENABLE_MODULES = YES;
				CLANG_ENABLE_OBJC_ARC = YES;
				CLANG_ENABLE_OBJC_WEAK = YES;
				CLANG_WARN_BLOCK_CAPTURE_AUTORELEASING = YES;
				CLANG_WARN_BOOL_CONVERSION = YES;
				CLANG_WARN_COMMA = YES;
				CLANG_WARN_CONSTANT_CONVERSION = YES;
				CLANG_WARN_DEPRECATED_OBJC_IMPLEMENTATIONS = YES;
				CLANG_WARN_DIRECT_OBJC_ISA_USAGE = YES_ERROR;
				CLANG_WARN_DOCUMENTATION_COMMENTS = YES;
				CLANG_WARN_EMPTY_BODY = YES;
				CLANG_WARN_ENUM_CONVERSION = YES;
				CLANG_WARN_INFINITE_RECURSION = YES;
				CLANG_WARN_INT_CONVERSION = YES;
				CLANG_WARN_NON_LITERAL_NULL_CONVERSION = YES;
				CLANG_WARN_OBJC_IMPLICIT_RETAIN_SELF = YES;
				CLANG_WARN_OBJC_LITERAL_CONVERSION = YES;
				CLANG_WARN_OBJC_ROOT_CLASS = YES_ERROR;
				CLANG_WARN_QUOTED_INCLUDE_IN_FRAMEWORK_HEADER = YES;
				CLANG_WARN_RANGE_LOOP_ANALYSIS = YES;
				CLANG_WARN_STRICT_PROTOTYPES = YES;
				CLANG_WARN_SUSPICIOUS_MOVE = YES;
				CLANG_WARN_UNGUARDED_AVAILABILITY = YES_AGGRESSIVE;
				CLANG_WARN_UNREACHABLE_CODE = YES;
				CLANG_WARN__DUPLICATE_METHOD_MATCH = YES;
				COPY_PHASE_STRIP = NO;
				DEBUG_INFORMATION_FORMAT = "dwarf-with-dsym";
				ENABLE_NS_ASSERTIONS = NO;
				ENABLE_STRICT_OBJC_MSGSEND = YES;
				GCC_C_LANGUAGE_STANDARD = gnu11;
				GCC_NO_COMMON_BLOCKS = YES;
				GCC_WARN_64_TO_32_BIT_CONVERSION = YES;
				GCC_WARN_ABOUT_RETURN_TYPE = YES_ERROR;
				GCC_WARN_UNDECLARED_SELECTOR = YES;
				GCC_WARN_UNINITIALIZED_AUTOS = YES_AGGRESSIVE;
				GCC_WARN_UNUSED_FUNCTION = YES;
				GCC_WARN_UNUSED_VARIABLE = YES;
				IPHONEOS_DEPLOYMENT_TARGET = 16.4;
				MTL_ENABLE_DEBUG_INFO = NO;
				MTL_FAST_MATH = YES;
				SDKROOT = iphoneos;
				SWIFT_COMPILATION_MODE = wholemodule;
				SWIFT_OPTIMIZATION_LEVEL = "-O";
				VALIDATE_PRODUCT = YES;
			};
			name = Release;
		};
		AF2A178C2A4AFD3700AD5D34 /* Debug */ = {
			isa = XCBuildConfiguration;
			buildSettings = {
				ASSETCATALOG_COMPILER_APPICON_NAME = AppIcon;
				ASSETCATALOG_COMPILER_GLOBAL_ACCENT_COLOR_NAME = AccentColor;
				CODE_SIGN_STYLE = Automatic;
				CURRENT_PROJECT_VERSION = 1;
				DEVELOPMENT_ASSET_PATHS = "\"Calculater/Preview Content\"";
				ENABLE_PREVIEWS = YES;
				GENERATE_INFOPLIST_FILE = YES;
				INFOPLIST_KEY_UIApplicationSceneManifest_Generation = YES;
				INFOPLIST_KEY_UIApplicationSupportsIndirectInputEvents = YES;
				INFOPLIST_KEY_UILaunchScreen_Generation = YES;
				INFOPLIST_KEY_UISupportedInterfaceOrientations_iPad = "UIInterfaceOrientationPortrait UIInterfaceOrientationPortraitUpsideDown UIInterfaceOrientationLandscapeLeft UIInterfaceOrientationLandscapeRight";
				INFOPLIST_KEY_UISupportedInterfaceOrientations_iPhone = "UIInterfaceOrientationPortrait UIInterfaceOrientationLandscapeLeft UIInterfaceOrientationLandscapeRight";
				LD_RUNPATH_SEARCH_PATHS = (
					"$(inherited)",
					"@executable_path/Frameworks",
				);
				MARKETING_VERSION = 1.0;
				PRODUCT_BUNDLE_IDENTIFIER = kulakdev.Calculater;
				PRODUCT_NAME = "$(TARGET_NAME)";
				SWIFT_EMIT_LOC_STRINGS = YES;
				SWIFT_VERSION = 5.0;
				TARGETED_DEVICE_FAMILY = "1,2";
			};
			name = Debug;
		};
		AF2A178D2A4AFD3700AD5D34 /* Release */ = {
			isa = XCBuildConfiguration;
			buildSettings = {
				ASSETCATALOG_COMPILER_APPICON_NAME = AppIcon;
				ASSETCATALOG_COMPILER_GLOBAL_ACCENT_COLOR_NAME = AccentColor;
				CODE_SIGN_STYLE = Automatic;
				CURRENT_PROJECT_VERSION = 1;
				DEVELOPMENT_ASSET_PATHS = "\"Calculater/Preview Content\"";
				ENABLE_PREVIEWS = YES;
				GENERATE_INFOPLIST_FILE = YES;
				INFOPLIST_KEY_UIApplicationSceneManifest_Generation = YES;
				INFOPLIST_KEY_UIApplicationSupportsIndirectInputEvents = YES;
				INFOPLIST_KEY_UILaunchScreen_Generation = YES;
				INFOPLIST_KEY_UISupportedInterfaceOrientations_iPad = "UIInterfaceOrientationPortrait UIInterfaceOrientationPortraitUpsideDown UIInterfaceOrientationLandscapeLeft UIInterfaceOrientationLandscapeRight";
				INFOPLIST_KEY_UISupportedInterfaceOrientations_iPhone = "UIInterfaceOrientationPortrait UIInterfaceOrientationLandscapeLeft UIInterfaceOrientationLandscapeRight";
				LD_RUNPATH_SEARCH_PATHS = (
					"$(inherited)",
					"@executable_path/Frameworks",
				);
				MARKETING_VERSION = 1.0;
				PRODUCT_BUNDLE_IDENTIFIER = kulakdev.Calculater;
				PRODUCT_NAME = "$(TARGET_NAME)";
				SWIFT_EMIT_LOC_STRINGS = YES;
				SWIFT_VERSION = 5.0;
				TARGETED_DEVICE_FAMILY = "1,2";
			};
			name = Release;
		};
		AF2A178F2A4AFD3700AD5D34 /* Debug */ = {
			isa = XCBuildConfiguration;
			buildSettings = {
				ALWAYS_EMBED_SWIFT_STANDARD_LIBRARIES = YES;
				BUNDLE_LOADER = "$(TEST_HOST)";
				CODE_SIGN_STYLE = Automatic;
				CURRENT_PROJECT_VERSION = 1;
				GENERATE_INFOPLIST_FILE = YES;
				IPHONEOS_DEPLOYMENT_TARGET = 16.4;
				MARKETING_VERSION = 1.0;
				PRODUCT_BUNDLE_IDENTIFIER = kulakdev.CalculaterTests;
				PRODUCT_NAME = "$(TARGET_NAME)";
				SWIFT_EMIT_LOC_STRINGS = NO;
				SWIFT_VERSION = 5.0;
				TARGETED_DEVICE_FAMILY = "1,2";
				TEST_HOST = "$(BUILT_PRODUCTS_DIR)/Calculater.app/$(BUNDLE_EXECUTABLE_FOLDER_PATH)/Calculater";
			};
			name = Debug;
		};
		AF2A17902A4AFD3700AD5D34 /* Release */ = {
			isa = XCBuildConfiguration;
			buildSettings = {
				ALWAYS_EMBED_SWIFT_STANDARD_LIBRARIES = YES;
				BUNDLE_LOADER = "$(TEST_HOST)";
				CODE_SIGN_STYLE = Automatic;
				CURRENT_PROJECT_VERSION = 1;
				GENERATE_INFOPLIST_FILE = YES;
				IPHONEOS_DEPLOYMENT_TARGET = 16.4;
				MARKETING_VERSION = 1.0;
				PRODUCT_BUNDLE_IDENTIFIER = kulakdev.CalculaterTests;
				PRODUCT_NAME = "$(TARGET_NAME)";
				SWIFT_EMIT_LOC_STRINGS = NO;
				SWIFT_VERSION = 5.0;
				TARGETED_DEVICE_FAMILY = "1,2";
				TEST_HOST = "$(BUILT_PRODUCTS_DIR)/Calculater.app/$(BUNDLE_EXECUTABLE_FOLDER_PATH)/Calculater";
			};
			name = Release;
		};
		AF2A17922A4AFD3700AD5D34 /* Debug */ = {
			isa = XCBuildConfiguration;
			buildSettings = {
				ALWAYS_EMBED_SWIFT_STANDARD_LIBRARIES = YES;
				CODE_SIGN_STYLE = Automatic;
				CURRENT_PROJECT_VERSION = 1;
				GENERATE_INFOPLIST_FILE = YES;
				MARKETING_VERSION = 1.0;
				PRODUCT_BUNDLE_IDENTIFIER = kulakdev.CalculaterUITests;
				PRODUCT_NAME = "$(TARGET_NAME)";
				SWIFT_EMIT_LOC_STRINGS = NO;
				SWIFT_VERSION = 5.0;
				TARGETED_DEVICE_FAMILY = "1,2";
				TEST_TARGET_NAME = Calculater;
			};
			name = Debug;
		};
		AF2A17932A4AFD3700AD5D34 /* Release */ = {
			isa = XCBuildConfiguration;
			buildSettings = {
				ALWAYS_EMBED_SWIFT_STANDARD_LIBRARIES = YES;
				CODE_SIGN_STYLE = Automatic;
				CURRENT_PROJECT_VERSION = 1;
				GENERATE_INFOPLIST_FILE = YES;
				MARKETING_VERSION = 1.0;
				PRODUCT_BUNDLE_IDENTIFIER = kulakdev.CalculaterUITests;
				PRODUCT_NAME = "$(TARGET_NAME)";
				SWIFT_EMIT_LOC_STRINGS = NO;
				SWIFT_VERSION = 5.0;
				TARGETED_DEVICE_FAMILY = "1,2";
				TEST_TARGET_NAME = Calculater;
			};
			name = Release;
		};
/* End XCBuildConfiguration section */

/* Begin XCConfigurationList section */
		AF2A17622A4AFD3500AD5D34 /* Build configuration list for PBXProject "Calculater" */ = {
			isa = XCConfigurationList;
			buildConfigurations = (
				AF2A17892A4AFD3700AD5D34 /* Debug */,
				AF2A178A2A4AFD3700AD5D34 /* Release */,
			);
			defaultConfigurationIsVisible = 0;
			defaultConfigurationName = Release;
		};
		AF2A178B2A4AFD3700AD5D34 /* Build configuration list for PBXNativeTarget "Calculater" */ = {
			isa = XCConfigurationList;
			buildConfigurations = (
				AF2A178C2A4AFD3700AD5D34 /* Debug */,
				AF2A178D2A4AFD3700AD5D34 /* Release */,
			);
			defaultConfigurationIsVisible = 0;
			defaultConfigurationName = Release;
		};
		AF2A178E2A4AFD3700AD5D34 /* Build configuration list for PBXNativeTarget "CalculaterTests" */ = {
			isa = XCConfigurationList;
			buildConfigurations = (
				AF2A178F2A4AFD3700AD5D34 /* Debug */,
				AF2A17902A4AFD3700AD5D34 /* Release */,
			);
			defaultConfigurationIsVisible = 0;
			defaultConfigurationName = Release;
		};
		AF2A17912A4AFD3700AD5D34 /* Build configuration list for PBXNativeTarget "CalculaterUITests" */ = {
			isa = XCConfigurationList;
			buildConfigurations = (
				AF2A17922A4AFD3700AD5D34 /* Debug */,
				AF2A17932A4AFD3700AD5D34 /* Release */,
			);
			defaultConfigurationIsVisible = 0;
			defaultConfigurationName = Release;
		};
/* End XCConfigurationList section */

/* Begin XCRemoteSwiftPackageReference section */
		AF9637842A56CE240013134A /* XCRemoteSwiftPackageReference "SwiftEval" */ = {
			isa = XCRemoteSwiftPackageReference;
			repositoryURL = "https://github.com/danielgindi/SwiftEval?ref=iosexample.com";
			requirement = {
				kind = upToNextMajorVersion;
				minimumVersion = 1.0.0;
			};
		};
/* End XCRemoteSwiftPackageReference section */

/* Begin XCSwiftPackageProductDependency section */
		AF9637852A56CE240013134A /* Eval */ = {
			isa = XCSwiftPackageProductDependency;
			package = AF9637842A56CE240013134A /* XCRemoteSwiftPackageReference "SwiftEval" */;
			productName = Eval;
		};
/* End XCSwiftPackageProductDependency section */
	};
	rootObject = AF2A175F2A4AFD3500AD5D34 /* Project object */;
}
